
Microsoft Visual Studio Solution File, Format Version 12.00
# Visual Studio Version 17
VisualStudioVersion = 17.5.33530.505
MinimumVisualStudioVersion = 10.0.40219.1
Project("{FAE04EC0-301F-11D3-BF4B-00C04F79EFBC}") = "事件总线 EventBus", "事件总线 EventBus.csproj", "{0684BC51-F43C-43AC-BC8E-11E56A677375}"
EndProject
Global
	GlobalSection(SolutionConfigurationPlatforms) = preSolution
		Debug|Any CPU = Debug|Any CPU
		Release|Any CPU = Release|Any CPU
	EndGlobalSection
	GlobalSection(ProjectConfigurationPlatforms) = postSolution
		{0684BC51-F43C-43AC-BC8E-11E56A677375}.Debug|Any CPU.ActiveCfg = Debug|Any CPU
		{0684BC51-F43C-43AC-BC8E-11E56A677375}.Debug|Any CPU.Build.0 = Debug|Any CPU
		{0684BC51-F43C-43AC-BC8E-11E56A677375}.Release|Any CPU.ActiveCfg = Release|Any CPU
		{0684BC51-F43C-43AC-BC8E-11E56A677375}.Release|Any CPU.Build.0 = Release|Any CPU
	EndGlobalSection
	GlobalSection(SolutionProperties) = preSolution
		HideSolutionNode = FALSE
	EndGlobalSection
	GlobalSection(ExtensibilityGlobals) = postSolution
		SolutionGuid = {5E126AB7-3DF5-477A-9C83-E7A1F2EDE1D3}
	EndGlobalSection
EndGlobal
